
Microsoft Visual Studio Solution File, Format Version 12.00
# Visual Studio Version 16
VisualStudioVersion = 16.0.810.17
MinimumVisualStudioVersion = 10.0.40219.1
Project("{FAE04EC0-301F-11D3-BF4B-00C04F79EFBC}") = "OOP_PASS", "OOP_PASS\OOP_PASS.csproj", "{620B793C-3460-469A-BBBD-9EE923B48158}"
EndProject
Global
	GlobalSection(SolutionConfigurationPlatforms) = preSolution
		Debug|anycpu = Debug|anycpu
		Release|anycpu = Release|anycpu
	EndGlobalSection
	GlobalSection(ProjectConfigurationPlatforms) = postSolution
		{620B793C-3460-469A-BBBD-9EE923B48158}.Debug|anycpu.ActiveCfg = Debug|anycpu
		{620B793C-3460-469A-BBBD-9EE923B48158}.Debug|anycpu.Build.0 = Debug|anycpu
		{620B793C-3460-469A-BBBD-9EE923B48158}.Release|anycpu.ActiveCfg = Release|anycpu
		{620B793C-3460-469A-BBBD-9EE923B48158}.Release|anycpu.Build.0 = Release|anycpu
	EndGlobalSection
	GlobalSection(SolutionProperties) = preSolution
		HideSolutionNode = FALSE
	EndGlobalSection
	GlobalSection(ExtensibilityGlobals) = postSolution
		SolutionGuid = {FB476FDD-7A2E-48C9-9846-3D45D1C720D6}
	EndGlobalSection
EndGlobal
